<?xml version="1.0" encoding="utf-8"?>
<Project ToolsVersion="4.0" xmlns="http://schemas.microsoft.com/developer/msbuild/2003">
  <ItemGroup>
    <Filter Include="Source Files">
      <UniqueIdentifier>{97928ac1-6274-4948-b60f-ae6668e36ce0}</UniqueIdentifier>
      <Extensions>cpp;c;cxx;rc;def;r;odl;idl;hpj;bat</Extensions>
    </Filter>
    <Filter Include="Header Files">
      <UniqueIdentifier>{f895f96b-2966-452e-a133-a4b7e528b5b9}</UniqueIdentifier>
      <Extensions>h;hpp;hxx;hm;inl</Extensions>
    </Filter>
    <Filter Include="Resource Files">
      <UniqueIdentifier>{bf9fa9ba-c030-40f5-b733-28dac0e19d32}</UniqueIdentifier>
      <Extensions>ico;cur;bmp;dlg;rc2;rct;bin;rgs;gif;jpg;jpeg;jpe</Extensions>
    </Filter>
  </ItemGroup>
  <ItemGroup>
    <ClCompile Include="DevMgr.c">
      <Filter>Source Files</Filter>
    </ClCompile>
    <ClCompile Include="GetTypeInfo.c">
      <Filter>Source Files</Filter>
    </ClCompile>
    <ClCompile Include="Setup.c">
      <Filter>Source Files</Filter>
    </ClCompile>
    <ClCompile Include="SysSetup.c">
      <Filter>Source Files</Filter>
    </ClCompile>
    <ClCompile Include="Util.c">
      <Filter>Source Files</Filter>
    </ClCompile>
    <ClCompile Include="WDMSetup.c">
      <Filter>Source Files</Filter>
    </ClCompile>
  </ItemGroup>
  <ItemGroup>
    <ResourceCompile Include="DevMgr.rc">
      <Filter>Source Files</Filter>
    </ResourceCompile>
  </ItemGroup>
  <ItemGroup>
    <ClInclude Include="DevMgr.h">
      <Filter>Header Files</Filter>
    </ClInclude>
    <ClInclude Include="GetTypeInfo.h">
      <Filter>Header Files</Filter>
    </ClInclude>
    <ClInclude Include="resource.h">
      <Filter>Header Files</Filter>
    </ClInclude>
    <ClInclude Include="Setup.h">
      <Filter>Header Files</Filter>
    </ClInclude>
    <ClInclude Include="SysSetup.h">
      <Filter>Header Files</Filter>
    </ClInclude>
    <ClInclude Include="Util.h">
      <Filter>Header Files</Filter>
    </ClInclude>
    <ClInclude Include="WDMSetup.h">
      <Filter>Header Files</Filter>
    </ClInclude>
  </ItemGroup>
  <ItemGroup>
    <Image Include="MYCOMP.BMP">
      <Filter>Resource Files</Filter>
    </Image>
    <Image Include="MYCOMP.ICO">
      <Filter>Resource Files</Filter>
    </Image>
  </ItemGroup>
</Project>